
Microsoft Visual Studio Solution File, Format Version 12.00
Project("{FAE04EC0-301F-11D3-BF4B-00C04F79EFBC}") = "CI.Api", "CI.Api\CI.Api.csproj", "{82850186-4E5A-4655-BE65-2A6DB7333CAC}"
EndProject
Project("{FAE04EC0-301F-11D3-BF4B-00C04F79EFBC}") = "CI.Domain", "CI.Domain\CI.Domain.csproj", "{DF17F6D8-34C5-48B8-ACB2-E54B53B47C65}"
EndProject
Global
	GlobalSection(SolutionConfigurationPlatforms) = preSolution
		Debug|Any CPU = Debug|Any CPU
		Release|Any CPU = Release|Any CPU
	EndGlobalSection
	GlobalSection(ProjectConfigurationPlatforms) = postSolution
		{82850186-4E5A-4655-BE65-2A6DB7333CAC}.Debug|Any CPU.ActiveCfg = Debug|Any CPU
		{82850186-4E5A-4655-BE65-2A6DB7333CAC}.Debug|Any CPU.Build.0 = Debug|Any CPU
		{82850186-4E5A-4655-BE65-2A6DB7333CAC}.Release|Any CPU.ActiveCfg = Release|Any CPU
		{82850186-4E5A-4655-BE65-2A6DB7333CAC}.Release|Any CPU.Build.0 = Release|Any CPU
		{DF17F6D8-34C5-48B8-ACB2-E54B53B47C65}.Debug|Any CPU.ActiveCfg = Debug|Any CPU
		{DF17F6D8-34C5-48B8-ACB2-E54B53B47C65}.Debug|Any CPU.Build.0 = Debug|Any CPU
		{DF17F6D8-34C5-48B8-ACB2-E54B53B47C65}.Release|Any CPU.ActiveCfg = Release|Any CPU
		{DF17F6D8-34C5-48B8-ACB2-E54B53B47C65}.Release|Any CPU.Build.0 = Release|Any CPU
	EndGlobalSection
EndGlobal
